{
  "name": "01-core-infra",
  "version": "1.0.0",
  "lockfileVersion": 3,
  "requires": true,
  "packages": {
    "": {
      "name": "01-core-infra",
      "version": "1.0.0",
      "license": "ISC",
      "dependencies": {
        "lazycodex-ai": "^4.19.3"
      }
    },
    "node_modules/lazycodex-ai": {
      "version": "4.19.3",
      "resolved": "https://registry.npmjs.org/lazycodex-ai/-/lazycodex-ai-4.19.3.tgz",
      "integrity": "sha512-fbwBC8ruZ4QhQj/V3HdXVT6Ms7Ak5Y9NR7caymO9ThykRx+FhNZisBbvyGzeBxkg//TtB1ivWni46a4bWDlWOw==",
      "bin": {
        "lazycodex": "packages/omo-codex/scripts/install-local.mjs",
        "lazycodex-ai": "packages/omo-codex/scripts/install-local.mjs"
      }
    }
  }
}
